
Microsoft Visual Studio Solution File, Format Version 12.00
# Visual Studio 15
VisualStudioVersion = 15.0.28307.329
MinimumVisualStudioVersion = 10.0.40219.1
Project("{FAE04EC0-301F-11D3-BF4B-00C04F79EFBC}") = "test", "test\test.csproj", "{C7ED9E63-E273-4C99-BD38-5E7F33981594}"
EndProject
Global
	GlobalSection(SolutionConfigurationPlatforms) = preSolution
		Debug|Any CPU = Debug|Any CPU
		Release|Any CPU = Release|Any CPU
	EndGlobalSection
	GlobalSection(ProjectConfigurationPlatforms) = postSolution
		{C7ED9E63-E273-4C99-BD38-5E7F33981594}.Debug|Any CPU.ActiveCfg = Debug|Any CPU
		{C7ED9E63-E273-4C99-BD38-5E7F33981594}.Debug|Any CPU.Build.0 = Debug|Any CPU
		{C7ED9E63-E273-4C99-BD38-5E7F33981594}.Release|Any CPU.ActiveCfg = Release|Any CPU
		{C7ED9E63-E273-4C99-BD38-5E7F33981594}.Release|Any CPU.Build.0 = Release|Any CPU
	EndGlobalSection
	GlobalSection(SolutionProperties) = preSolution
		HideSolutionNode = FALSE
	EndGlobalSection
	GlobalSection(ExtensibilityGlobals) = postSolution
		SolutionGuid = {B1728765-9E93-46D4-808C-0D889AD430EB}
	EndGlobalSection
EndGlobal
